
Microsoft Visual Studio Solution File, Format Version 12.00
# Visual Studio 2013
VisualStudioVersion = 12.0.40629.0
MinimumVisualStudioVersion = 10.0.40219.1
Project("{FAE04EC0-301F-11D3-BF4B-00C04F79EFBC}") = "InstrumentProcessorKata.Tests", "InstrumentProcessorKata.Tests\InstrumentProcessorKata.Tests.csproj", "{20FD0CB4-ECD1-427E-B8D6-0C1295A9BFCF}"
EndProject
Project("{FAE04EC0-301F-11D3-BF4B-00C04F79EFBC}") = "InstrumentProcessorKata.Source", "InstrumentProcessorKata.Source\InstrumentProcessorKata.Source.csproj", "{3BBC0ACA-D3DD-4E6A-BE52-D78CB71D19EE}"
EndProject
Global
	GlobalSection(SolutionConfigurationPlatforms) = preSolution
		Debug|Any CPU = Debug|Any CPU
		Release|Any CPU = Release|Any CPU
	EndGlobalSection
	GlobalSection(ProjectConfigurationPlatforms) = postSolution
		{20FD0CB4-ECD1-427E-B8D6-0C1295A9BFCF}.Debug|Any CPU.ActiveCfg = Debug|Any CPU
		{20FD0CB4-ECD1-427E-B8D6-0C1295A9BFCF}.Debug|Any CPU.Build.0 = Debug|Any CPU
		{20FD0CB4-ECD1-427E-B8D6-0C1295A9BFCF}.Release|Any CPU.ActiveCfg = Release|Any CPU
		{20FD0CB4-ECD1-427E-B8D6-0C1295A9BFCF}.Release|Any CPU.Build.0 = Release|Any CPU
		{3BBC0ACA-D3DD-4E6A-BE52-D78CB71D19EE}.Debug|Any CPU.ActiveCfg = Debug|Any CPU
		{3BBC0ACA-D3DD-4E6A-BE52-D78CB71D19EE}.Debug|Any CPU.Build.0 = Debug|Any CPU
		{3BBC0ACA-D3DD-4E6A-BE52-D78CB71D19EE}.Release|Any CPU.ActiveCfg = Release|Any CPU
		{3BBC0ACA-D3DD-4E6A-BE52-D78CB71D19EE}.Release|Any CPU.Build.0 = Release|Any CPU
	EndGlobalSection
	GlobalSection(SolutionProperties) = preSolution
		HideSolutionNode = FALSE
	EndGlobalSection
EndGlobal
