
Microsoft Visual Studio Solution File, Format Version 12.00
# Visual Studio 14
VisualStudioVersion = 14.0.25123.0
MinimumVisualStudioVersion = 10.0.40219.1
Project("{FAE04EC0-301F-11D3-BF4B-00C04F79EFBC}") = "BowlingGameTDD", "BowlingGameTDD\BowlingGameTDD.csproj", "{3AF2F541-DF84-4A4C-9B2E-E29B31B77479}"
EndProject
Project("{FAE04EC0-301F-11D3-BF4B-00C04F79EFBC}") = "BowlingGameTDDTests", "BowlingGameTDDTests\BowlingGameTDDTests.csproj", "{2C2EDBCA-7DCB-4AFC-AA2D-2407AD5E5F85}"
EndProject
Global
	GlobalSection(SolutionConfigurationPlatforms) = preSolution
		Debug|Any CPU = Debug|Any CPU
		Release|Any CPU = Release|Any CPU
	EndGlobalSection
	GlobalSection(ProjectConfigurationPlatforms) = postSolution
		{3AF2F541-DF84-4A4C-9B2E-E29B31B77479}.Debug|Any CPU.ActiveCfg = Debug|Any CPU
		{3AF2F541-DF84-4A4C-9B2E-E29B31B77479}.Debug|Any CPU.Build.0 = Debug|Any CPU
		{3AF2F541-DF84-4A4C-9B2E-E29B31B77479}.Release|Any CPU.ActiveCfg = Release|Any CPU
		{3AF2F541-DF84-4A4C-9B2E-E29B31B77479}.Release|Any CPU.Build.0 = Release|Any CPU
		{2C2EDBCA-7DCB-4AFC-AA2D-2407AD5E5F85}.Debug|Any CPU.ActiveCfg = Debug|Any CPU
		{2C2EDBCA-7DCB-4AFC-AA2D-2407AD5E5F85}.Debug|Any CPU.Build.0 = Debug|Any CPU
		{2C2EDBCA-7DCB-4AFC-AA2D-2407AD5E5F85}.Release|Any CPU.ActiveCfg = Release|Any CPU
		{2C2EDBCA-7DCB-4AFC-AA2D-2407AD5E5F85}.Release|Any CPU.Build.0 = Release|Any CPU
	EndGlobalSection
	GlobalSection(SolutionProperties) = preSolution
		HideSolutionNode = FALSE
	EndGlobalSection
EndGlobal
